
Microsoft Visual Studio Solution File, Format Version 12.00
# Visual Studio Version 17
VisualStudioVersion = 17.6.33723.286
MinimumVisualStudioVersion = 10.0.40219.1
Project("{FAE04EC0-301F-11D3-BF4B-00C04F79EFBC}") = "IdlingComplaintTest", "IdlingComplaintTest\IdlingComplaintTest.csproj", "{81BCF901-4138-4C09-943B-F2A2A19E7750}"
EndProject
Global
	GlobalSection(SolutionConfigurationPlatforms) = preSolution
		Debug|Any CPU = Debug|Any CPU
		Release|Any CPU = Release|Any CPU
	EndGlobalSection
	GlobalSection(ProjectConfigurationPlatforms) = postSolution
		{81BCF901-4138-4C09-943B-F2A2A19E7750}.Debug|Any CPU.ActiveCfg = Debug|Any CPU
		{81BCF901-4138-4C09-943B-F2A2A19E7750}.Debug|Any CPU.Build.0 = Debug|Any CPU
		{81BCF901-4138-4C09-943B-F2A2A19E7750}.Release|Any CPU.ActiveCfg = Release|Any CPU
		{81BCF901-4138-4C09-943B-F2A2A19E7750}.Release|Any CPU.Build.0 = Release|Any CPU
	EndGlobalSection
	GlobalSection(SolutionProperties) = preSolution
		HideSolutionNode = FALSE
	EndGlobalSection
	GlobalSection(ExtensibilityGlobals) = postSolution
		SolutionGuid = {AD681442-EA8F-4F59-95DE-35FD9F467654}
	EndGlobalSection
EndGlobal
